
Microsoft Visual Studio Solution File, Format Version 12.00
# Visual Studio Version 16
VisualStudioVersion = 16.0.30621.155
MinimumVisualStudioVersion = 10.0.40219.1
Project("{FAE04EC0-301F-11D3-BF4B-00C04F79EFBC}") = "WebQLThucTapSinh", "WebQLThucTapSinh\WebQLThucTapSinh.csproj", "{7371A5DE-2DF0-4C3F-AA33-BAC6B6DDBA78}"
EndProject
Global
	GlobalSection(SolutionConfigurationPlatforms) = preSolution
		Debug|Any CPU = Debug|Any CPU
		Release|Any CPU = Release|Any CPU
	EndGlobalSection
	GlobalSection(ProjectConfigurationPlatforms) = postSolution
		{7371A5DE-2DF0-4C3F-AA33-BAC6B6DDBA78}.Debug|Any CPU.ActiveCfg = Debug|Any CPU
		{7371A5DE-2DF0-4C3F-AA33-BAC6B6DDBA78}.Debug|Any CPU.Build.0 = Debug|Any CPU
		{7371A5DE-2DF0-4C3F-AA33-BAC6B6DDBA78}.Release|Any CPU.ActiveCfg = Release|Any CPU
		{7371A5DE-2DF0-4C3F-AA33-BAC6B6DDBA78}.Release|Any CPU.Build.0 = Release|Any CPU
	EndGlobalSection
	GlobalSection(SolutionProperties) = preSolution
		HideSolutionNode = FALSE
	EndGlobalSection
	GlobalSection(ExtensibilityGlobals) = postSolution
		SolutionGuid = {299B3DCC-5D33-4603-8EFE-7B7DB6CA5EEA}
	EndGlobalSection
EndGlobal
